
Microsoft Visual Studio Solution File, Format Version 12.00
# Visual Studio 2017
Project("{FAE04EC0-301F-11D3-BF4B-00C04F79EFBC}") = "csharp_pocs", "csharp_pocs.csproj", "{A492BB48-2087-4B7D-AA3D-664C4CD874EE}"
EndProject
Global
	GlobalSection(SolutionConfigurationPlatforms) = preSolution
		Debug|Any CPU = Debug|Any CPU
		Release|Any CPU = Release|Any CPU
	EndGlobalSection
	GlobalSection(ProjectConfigurationPlatforms) = postSolution
		{A492BB48-2087-4B7D-AA3D-664C4CD874EE}.Debug|Any CPU.ActiveCfg = Debug|Any CPU
		{A492BB48-2087-4B7D-AA3D-664C4CD874EE}.Debug|Any CPU.Build.0 = Debug|Any CPU
		{A492BB48-2087-4B7D-AA3D-664C4CD874EE}.Release|Any CPU.ActiveCfg = Release|Any CPU
		{A492BB48-2087-4B7D-AA3D-664C4CD874EE}.Release|Any CPU.Build.0 = Release|Any CPU
	EndGlobalSection
EndGlobal
